{
    "_meta": {
        "hash": {
            "sha256": "7c71884e95f36704b0de8fb1bc7fb11040a266bb55951ed3e9caa06fa4cdfb6c"
        },
        "pipfile-spec": 6,
        "requires": {
            "python_version": "3.6"
        },
        "sources": [
            {
                "name": "pypi",
                "url": "https://pypi.python.org/simple",
                "verify_ssl": true
            }
        ]
    },
    "default": {
        "certifi": {
            "hashes": [
                "sha256:14131608ad2fd56836d33a71ee60fa1c82bc9d2c8d98b7bdbc631fe1b3cd1296",
                "sha256:edbc3f203427eef571f79a7692bb160a2b0f7ccaa31953e99bd17e307cf63f7d"
            ],
            "index": "pypi",
            "version": "==2018.1.18"
        },
        "django": {
            "hashes": [
                "sha256:3d9916515599f757043c690ae2b5ea28666afa09779636351da505396cbb2f19",
                "sha256:769f212ffd5762f72c764fa648fca3b7f7dd4ec27407198b68e7c4abf4609fd0"
            ],
            "index": "pypi",
            "version": "==2.0.3"
        },
        "gunicorn": {
            "hashes": [
                "sha256:75af03c99389535f218cc596c7de74df4763803f7b63eb09d77e92b3956b36c6",
                "sha256:eee1169f0ca667be05db3351a0960765620dad53f53434262ff8901b68a1b622"
            ],
            "index": "pypi",
            "version": "==19.7.1"
        },
        "pipenv": {
            "hashes": [
                "sha256:7b3c52fb57e17ca61b6141b75c8f5ba61a95c713ca470754240f7f1dbd0a4968"
            ],
            "index": "pypi",
            "version": "==11.9.0"
        },
        "pytz": {
            "hashes": [
                "sha256:07edfc3d4d2705a20a6e99d97f0c4b61c800b8232dc1c04d87e8554f130148dd",
                "sha256:3a47ff71597f821cd84a162e71593004286e5be07a340fd462f0d33a760782b5",
                "sha256:410bcd1d6409026fbaa65d9ed33bf6dd8b1e94a499e32168acfc7b332e4095c0",
                "sha256:5bd55c744e6feaa4d599a6cbd8228b4f8f9ba96de2c38d56f08e534b3c9edf0d",
                "sha256:61242a9abc626379574a166dc0e96a66cd7c3b27fc10868003fa210be4bff1c9",
                "sha256:887ab5e5b32e4d0c86efddd3d055c1f363cbaa583beb8da5e22d2fa2f64d51ef",
                "sha256:ba18e6a243b3625513d85239b3e49055a2f0318466e0b8a92b8fb8ca7ccdf55f",
                "sha256:ed6509d9af298b7995d69a440e2822288f2eca1681b8cce37673dbb10091e5fe",
                "sha256:f93ddcdd6342f94cea379c73cddb5724e0d6d0a1c91c9bdef364dc0368ba4fda"
            ],
            "index": "pypi",
            "version": "==2018.3"
        },
        "tornado": {
            "hashes": [
                "sha256:186ba4f280429a24120f329c7c08ea91818ff6bf47ed2ccb66f8f460698fc4ed",
                "sha256:3e9a2333362d3dad7876d902595b64aea1a2f91d0df13191ea1f8bca5a447771",
                "sha256:4d192236a9ffee54cb0032f22a8a0cfa64258872f1d83d71f3356681f69a37be",
                "sha256:69194436190b777abf0b631a692b0b29ba4157d18eeee07327b486e033b944dc",
                "sha256:b5bf7407f88327b80e666dabf91a1e7beb11236855a5c65ba5cf0e9e25ae296b"
            ],
            "index": "pypi",
            "version": "==5.0.1"
        },
        "virtualenv": {
            "hashes": [
                "sha256:1d7e241b431e7afce47e77f8843a276f652699d1fa4f93b9d8ce0076fd7b0b54",
                "sha256:e8e05d4714a1c51a2f5921e62f547fcb0f713ebbe959e0a7f585cc8bef71d11f"
            ],
            "index": "pypi",
            "version": "==15.2.0"
        },
        "virtualenv-clone": {
            "hashes": [
                "sha256:4507071d81013fd03ea9930ec26bc8648b997927a11fa80e8ee81198b57e0ac7",
                "sha256:b5cfe535d14dc68dfc1d1bb4ac1209ea28235b91156e2bba8e250d291c3fb4f8"
            ],
            "index": "pypi",
            "version": "==0.3.0"
        }
    },
    "develop": {}
}
